
Microsoft Visual Studio Solution File, Format Version 12.00
# Visual Studio 15
VisualStudioVersion = 15.0.28307.329
MinimumVisualStudioVersion = 10.0.40219.1
Project("{FAE04EC0-301F-11D3-BF4B-00C04F79EFBC}") = "FileExtractor", "FileExtractor\FileExtractor.csproj", "{9635D316-9EB3-47F5-9265-A977A37418AF}"
EndProject
Global
	GlobalSection(SolutionConfigurationPlatforms) = preSolution
		Debug|Any CPU = Debug|Any CPU
		Release|Any CPU = Release|Any CPU
	EndGlobalSection
	GlobalSection(ProjectConfigurationPlatforms) = postSolution
		{9635D316-9EB3-47F5-9265-A977A37418AF}.Debug|Any CPU.ActiveCfg = Debug|Any CPU
		{9635D316-9EB3-47F5-9265-A977A37418AF}.Debug|Any CPU.Build.0 = Debug|Any CPU
		{9635D316-9EB3-47F5-9265-A977A37418AF}.Release|Any CPU.ActiveCfg = Release|Any CPU
		{9635D316-9EB3-47F5-9265-A977A37418AF}.Release|Any CPU.Build.0 = Release|Any CPU
	EndGlobalSection
	GlobalSection(SolutionProperties) = preSolution
		HideSolutionNode = FALSE
	EndGlobalSection
	GlobalSection(ExtensibilityGlobals) = postSolution
		SolutionGuid = {2B01C141-ABE3-476D-B642-0DBFCCC72DF2}
	EndGlobalSection
EndGlobal
